
Microsoft Visual Studio Solution File, Format Version 12.00
# Visual Studio Version 17
VisualStudioVersion = 17.2.32616.157
MinimumVisualStudioVersion = 10.0.40219.1
Project("{FAE04EC0-301F-11D3-BF4B-00C04F79EFBC}") = "ExerciciosProfRomulo.MatematicaBasica", "ExerciciosProfRomulo.MatematicaBasica\ExerciciosProfRomulo.MatematicaBasica.csproj", "{18DBAF51-19BB-4644-87B1-2A3211C738FF}"
EndProject
Project("{FAE04EC0-301F-11D3-BF4B-00C04F79EFBC}") = "ExerciciosProfRomulo.EscolinhaTicTic", "ExerciciosProfRomulo.EscolinhaTicTic\ExerciciosProfRomulo.EscolinhaTicTic.csproj", "{C7CD14AF-C804-4263-AB2C-50ED92ED8158}"
EndProject
Global
	GlobalSection(SolutionConfigurationPlatforms) = preSolution
		Debug|Any CPU = Debug|Any CPU
		Release|Any CPU = Release|Any CPU
	EndGlobalSection
	GlobalSection(ProjectConfigurationPlatforms) = postSolution
		{18DBAF51-19BB-4644-87B1-2A3211C738FF}.Debug|Any CPU.ActiveCfg = Debug|Any CPU
		{18DBAF51-19BB-4644-87B1-2A3211C738FF}.Debug|Any CPU.Build.0 = Debug|Any CPU
		{18DBAF51-19BB-4644-87B1-2A3211C738FF}.Release|Any CPU.ActiveCfg = Release|Any CPU
		{18DBAF51-19BB-4644-87B1-2A3211C738FF}.Release|Any CPU.Build.0 = Release|Any CPU
		{C7CD14AF-C804-4263-AB2C-50ED92ED8158}.Debug|Any CPU.ActiveCfg = Debug|Any CPU
		{C7CD14AF-C804-4263-AB2C-50ED92ED8158}.Debug|Any CPU.Build.0 = Debug|Any CPU
		{C7CD14AF-C804-4263-AB2C-50ED92ED8158}.Release|Any CPU.ActiveCfg = Release|Any CPU
		{C7CD14AF-C804-4263-AB2C-50ED92ED8158}.Release|Any CPU.Build.0 = Release|Any CPU
	EndGlobalSection
	GlobalSection(SolutionProperties) = preSolution
		HideSolutionNode = FALSE
	EndGlobalSection
	GlobalSection(ExtensibilityGlobals) = postSolution
		SolutionGuid = {6F0509C4-FE03-42AD-89F7-723844363FA0}
	EndGlobalSection
EndGlobal
